
Microsoft Visual Studio Solution File, Format Version 12.00
# Visual Studio Version 16
VisualStudioVersion = 16.0.30717.126
MinimumVisualStudioVersion = 10.0.40219.1
Project("{FAE04EC0-301F-11D3-BF4B-00C04F79EFBC}") = "beadando.v2", "beadando.v2.csproj", "{B7A60EFA-6A75-4A85-8911-100EBE32709F}"
EndProject
Global
	GlobalSection(SolutionConfigurationPlatforms) = preSolution
		Debug|Any CPU = Debug|Any CPU
		Release|Any CPU = Release|Any CPU
	EndGlobalSection
	GlobalSection(ProjectConfigurationPlatforms) = postSolution
		{B7A60EFA-6A75-4A85-8911-100EBE32709F}.Debug|Any CPU.ActiveCfg = Debug|Any CPU
		{B7A60EFA-6A75-4A85-8911-100EBE32709F}.Debug|Any CPU.Build.0 = Debug|Any CPU
		{B7A60EFA-6A75-4A85-8911-100EBE32709F}.Release|Any CPU.ActiveCfg = Release|Any CPU
		{B7A60EFA-6A75-4A85-8911-100EBE32709F}.Release|Any CPU.Build.0 = Release|Any CPU
	EndGlobalSection
	GlobalSection(SolutionProperties) = preSolution
		HideSolutionNode = FALSE
	EndGlobalSection
	GlobalSection(ExtensibilityGlobals) = postSolution
		SolutionGuid = {DEAEEF12-B733-4638-9D6D-4B177E7AC370}
	EndGlobalSection
EndGlobal
